<?xml version="1.0" encoding="utf-8"?>
<Project ToolsVersion="4.0" xmlns="http://schemas.microsoft.com/developer/msbuild/2003">
  <ItemGroup>
    <Filter Include="test">
      <UniqueIdentifier>{2de671e5-8b49-4cda-9f97-9dbfb463bbd7}</UniqueIdentifier>
    </Filter>
    <Filter Include="test\unicode_test">
      <UniqueIdentifier>{1a3499e2-4376-4cca-abd5-8afede5c5700}</UniqueIdentifier>
    </Filter>
    <Filter Include="src">
      <UniqueIdentifier>{7abd1598-dd23-4456-b880-758a44d1a771}</UniqueIdentifier>
    </Filter>
    <Filter Include="src\base">
      <UniqueIdentifier>{18ff6f96-8261-4674-a435-e6e1c50fce14}</UniqueIdentifier>
    </Filter>
    <Filter Include="src\central">
      <UniqueIdentifier>{9772163f-b977-4602-95de-23c421489010}</UniqueIdentifier>
    </Filter>
    <Filter Include="src\central\conf">
      <UniqueIdentifier>{4e4841f2-6500-4878-922d-23089ff6e98a}</UniqueIdentifier>
    </Filter>
    <Filter Include="src\common">
      <UniqueIdentifier>{f33514f8-250f-431f-97c4-e9e25e7bd601}</UniqueIdentifier>
    </Filter>
    <Filter Include="src\proto">
      <UniqueIdentifier>{9aee7324-be43-4b9b-9c4b-841968218bd2}</UniqueIdentifier>
    </Filter>
    <Filter Include="src\client">
      <UniqueIdentifier>{7811208d-b6ad-4d85-808c-92641ef86e51}</UniqueIdentifier>
    </Filter>
    <Filter Include="src\client\conf">
      <UniqueIdentifier>{1d320aba-5868-47b2-b29d-58dd633610f1}</UniqueIdentifier>
    </Filter>
    <Filter Include="src\gateway">
      <UniqueIdentifier>{fbc93249-48cf-437a-92a3-41645c9d697a}</UniqueIdentifier>
    </Filter>
    <Filter Include="src\gateway\conf">
      <UniqueIdentifier>{da512358-d9f4-41f5-b03d-44b49bb30038}</UniqueIdentifier>
    </Filter>
    <Filter Include="src\login">
      <UniqueIdentifier>{34b6cff2-4a09-458f-89fb-dead8003040f}</UniqueIdentifier>
    </Filter>
    <Filter Include="src\balance">
      <UniqueIdentifier>{25321f4e-65cc-45b4-942a-10c2bb6e209c}</UniqueIdentifier>
    </Filter>
    <Filter Include="src\media">
      <UniqueIdentifier>{a4d9b91b-009a-466d-a29a-f37980bb4495}</UniqueIdentifier>
    </Filter>
    <Filter Include="src\login\conf">
      <UniqueIdentifier>{16a0925c-9fb6-4e15-a848-4f09afaf6647}</UniqueIdentifier>
    </Filter>
    <Filter Include="src\balance\conf">
      <UniqueIdentifier>{c1501613-103a-4ba7-8afb-94812eb6546f}</UniqueIdentifier>
    </Filter>
    <Filter Include="src\media\conf">
      <UniqueIdentifier>{19f65c0d-0d48-4f67-932c-c70a0ac58e54}</UniqueIdentifier>
    </Filter>
    <Filter Include="test\vid_manage_test">
      <UniqueIdentifier>{5413fb4e-4288-42b8-8a8e-e5aac73cac74}</UniqueIdentifier>
    </Filter>
    <Filter Include="src\monitor">
      <UniqueIdentifier>{8d1eda86-fb61-4f97-b235-75f6c7272b40}</UniqueIdentifier>
    </Filter>
    <Filter Include="src\monitor\conf">
      <UniqueIdentifier>{2ba4d470-88a6-4f2b-8dfa-18e9a68f7222}</UniqueIdentifier>
    </Filter>
    <Filter Include="test\boost_log_test">
      <UniqueIdentifier>{5d27e218-00ea-42f5-b459-a4960ed380a8}</UniqueIdentifier>
    </Filter>
    <Filter Include="test\boost_log_test\SLog_test">
      <UniqueIdentifier>{5e717391-92e4-4818-960a-d174732e64a4}</UniqueIdentifier>
    </Filter>
    <Filter Include="test\boost_bimap_test">
      <UniqueIdentifier>{8b06f385-e6f4-4fad-a5c5-e4f09a7cd7e6}</UniqueIdentifier>
    </Filter>
  </ItemGroup>
  <ItemGroup>
    <Text Include="..\..\test\unicode_test\CMakeLists.txt">
      <Filter>test\unicode_test</Filter>
    </Text>
    <Text Include="..\..\src\base\CMakeLists.txt">
      <Filter>src\base</Filter>
    </Text>
    <Text Include="..\..\src\central\CMakeLists.txt">
      <Filter>src\central</Filter>
    </Text>
    <Text Include="..\..\src\common\CMakeLists.txt">
      <Filter>src\common</Filter>
    </Text>
    <Text Include="..\..\src\proto\CMakeLists.txt">
      <Filter>src\proto</Filter>
    </Text>
    <Text Include="..\..\src\client\CMakeLists.txt">
      <Filter>src\client</Filter>
    </Text>
    <Text Include="..\..\src\gateway\CMakeLists.txt">
      <Filter>src\gateway</Filter>
    </Text>
    <Text Include="..\..\src\login\CMakeLists.txt">
      <Filter>src\login</Filter>
    </Text>
    <Text Include="..\..\src\balance\CMakeLists.txt">
      <Filter>src\balance</Filter>
    </Text>
    <Text Include="..\..\src\media\CMakeLists.txt">
      <Filter>src\media</Filter>
    </Text>
    <Text Include="..\..\test\vid_manage_test\CMakeLists.txt">
      <Filter>test\vid_manage_test</Filter>
    </Text>
    <Text Include="..\..\src\monitor\CMakeLists.txt">
      <Filter>src\monitor</Filter>
    </Text>
    <Text Include="..\..\test\boost_log_test\log_study\CMakeLists.txt">
      <Filter>test\boost_log_test\SLog_test</Filter>
    </Text>
    <Text Include="..\..\test\boost_bimap_test\CMakeLists.txt">
      <Filter>test\boost_bimap_test</Filter>
    </Text>
  </ItemGroup>
  <ItemGroup>
    <ClCompile Include="..\..\test\unicode_test\unique_code.cpp">
      <Filter>test\unicode_test</Filter>
    </ClCompile>
    <ClCompile Include="..\..\test\unicode_test\main.cpp">
      <Filter>test\unicode_test</Filter>
    </ClCompile>
    <ClCompile Include="..\..\src\base\base_client.cpp">
      <Filter>src\base</Filter>
    </ClCompile>
    <ClCompile Include="..\..\src\base\base_server.cpp">
      <Filter>src\base</Filter>
    </ClCompile>
    <ClCompile Include="..\..\src\base\common_client.cpp">
      <Filter>src\base</Filter>
    </ClCompile>
    <ClCompile Include="..\..\src\base\module.cpp">
      <Filter>src\base</Filter>
    </ClCompile>
    <ClCompile Include="..\..\src\base\route.cpp">
      <Filter>src\base</Filter>
    </ClCompile>
    <ClCompile Include="..\..\src\base\unique_code.cpp">
      <Filter>src\base</Filter>
    </ClCompile>
    <ClCompile Include="..\..\src\central\central.cpp">
      <Filter>src\central</Filter>
    </ClCompile>
    <ClCompile Include="..\..\src\central\central_client.cpp">
      <Filter>src\central</Filter>
    </ClCompile>
    <ClCompile Include="..\..\src\central\central_server.cpp">
      <Filter>src\central</Filter>
    </ClCompile>
    <ClCompile Include="..\..\src\common\config_settings.cpp">
      <Filter>src\common</Filter>
    </ClCompile>
    <ClCompile Include="..\..\src\common\log.cpp">
      <Filter>src\common</Filter>
    </ClCompile>
    <ClCompile Include="..\..\src\common\msg.cpp">
      <Filter>src\common</Filter>
    </ClCompile>
    <ClCompile Include="..\..\src\proto\internal.pb.cc">
      <Filter>src\proto</Filter>
    </ClCompile>
    <ClCompile Include="..\..\src\proto\proc.pb.cc">
      <Filter>src\proto</Filter>
    </ClCompile>
    <ClCompile Include="..\..\src\client\main.cpp">
      <Filter>src\client</Filter>
    </ClCompile>
    <ClCompile Include="..\..\src\gateway\gateway.cpp">
      <Filter>src\gateway</Filter>
    </ClCompile>
    <ClCompile Include="..\..\src\gateway\gateway_server.cpp">
      <Filter>src\gateway</Filter>
    </ClCompile>
    <ClCompile Include="..\..\src\login\login.cpp">
      <Filter>src\login</Filter>
    </ClCompile>
    <ClCompile Include="..\..\src\login\login_server.cpp">
      <Filter>src\login</Filter>
    </ClCompile>
    <ClCompile Include="..\..\src\balance\balance.cpp">
      <Filter>src\balance</Filter>
    </ClCompile>
    <ClCompile Include="..\..\src\balance\balance_server.cpp">
      <Filter>src\balance</Filter>
    </ClCompile>
    <ClCompile Include="..\..\src\media\media.cpp">
      <Filter>src\media</Filter>
    </ClCompile>
    <ClCompile Include="..\..\src\media\media_server.cpp">
      <Filter>src\media</Filter>
    </ClCompile>
    <ClCompile Include="..\..\src\central\vid_manage.cpp">
      <Filter>src\central</Filter>
    </ClCompile>
    <ClCompile Include="..\..\test\vid_manage_test\main.cpp">
      <Filter>test\vid_manage_test</Filter>
    </ClCompile>
    <ClCompile Include="..\..\test\vid_manage_test\vid_manage.cpp">
      <Filter>test\vid_manage_test</Filter>
    </ClCompile>
    <ClCompile Include="..\..\src\gateway\gateway_client.cpp">
      <Filter>src\gateway</Filter>
    </ClCompile>
    <ClCompile Include="..\..\src\monitor\monitor.cpp">
      <Filter>src\monitor</Filter>
    </ClCompile>
    <ClCompile Include="..\..\src\monitor\monitor_client.cpp">
      <Filter>src\monitor</Filter>
    </ClCompile>
    <ClCompile Include="..\..\src\monitor\monitor_server.cpp">
      <Filter>src\monitor</Filter>
    </ClCompile>
    <ClCompile Include="..\..\test\boost_log_test\log_study\tutorial_logging.cpp">
      <Filter>test\boost_log_test\SLog_test</Filter>
    </ClCompile>
    <ClCompile Include="..\..\src\monitor\cmd_thread.cpp">
      <Filter>src\monitor</Filter>
    </ClCompile>
    <ClCompile Include="..\..\src\proto\monitor.pb.cc">
      <Filter>src\proto</Filter>
    </ClCompile>
    <ClCompile Include="..\..\test\boost_bimap_test\main.cpp">
      <Filter>test\boost_bimap_test</Filter>
    </ClCompile>
    <ClCompile Include="..\..\src\client\user_client.cpp">
      <Filter>src\client</Filter>
    </ClCompile>
    <ClCompile Include="..\..\src\proto\external.pb.cc">
      <Filter>src\proto</Filter>
    </ClCompile>
    <ClCompile Include="..\..\src\balance\balance_client.cpp">
      <Filter>src\balance</Filter>
    </ClCompile>
    <ClCompile Include="..\..\src\balance\balance_route.cpp">
      <Filter>src\balance</Filter>
    </ClCompile>
    <ClCompile Include="..\..\src\media\media_client.cpp">
      <Filter>src\media</Filter>
    </ClCompile>
  </ItemGroup>
  <ItemGroup>
    <ClInclude Include="..\..\test\unicode_test\unique_code.h">
      <Filter>test\unicode_test</Filter>
    </ClInclude>
    <ClInclude Include="..\..\src\base\base_client.h">
      <Filter>src\base</Filter>
    </ClInclude>
    <ClInclude Include="..\..\src\base\base_server.h">
      <Filter>src\base</Filter>
    </ClInclude>
    <ClInclude Include="..\..\src\base\common_client.h">
      <Filter>src\base</Filter>
    </ClInclude>
    <ClInclude Include="..\..\src\base\module.h">
      <Filter>src\base</Filter>
    </ClInclude>
    <ClInclude Include="..\..\src\base\route.h">
      <Filter>src\base</Filter>
    </ClInclude>
    <ClInclude Include="..\..\src\base\unique_code.h">
      <Filter>src\base</Filter>
    </ClInclude>
    <ClInclude Include="..\..\src\central\central_client.h">
      <Filter>src\central</Filter>
    </ClInclude>
    <ClInclude Include="..\..\src\central\central_server.h">
      <Filter>src\central</Filter>
    </ClInclude>
    <ClInclude Include="..\..\src\common\common.h">
      <Filter>src\common</Filter>
    </ClInclude>
    <ClInclude Include="..\..\src\common\config_settings.h">
      <Filter>src\common</Filter>
    </ClInclude>
    <ClInclude Include="..\..\src\common\log.h">
      <Filter>src\common</Filter>
    </ClInclude>
    <ClInclude Include="..\..\src\common\msg.h">
      <Filter>src\common</Filter>
    </ClInclude>
    <ClInclude Include="..\..\src\proto\internal.pb.h">
      <Filter>src\proto</Filter>
    </ClInclude>
    <ClInclude Include="..\..\src\proto\proc.pb.h">
      <Filter>src\proto</Filter>
    </ClInclude>
    <ClInclude Include="..\..\src\gateway\gateway_server.h">
      <Filter>src\gateway</Filter>
    </ClInclude>
    <ClInclude Include="..\..\src\login\login_server.h">
      <Filter>src\login</Filter>
    </ClInclude>
    <ClInclude Include="..\..\src\balance\balance_server.h">
      <Filter>src\balance</Filter>
    </ClInclude>
    <ClInclude Include="..\..\src\media\media_server.h">
      <Filter>src\media</Filter>
    </ClInclude>
    <ClInclude Include="..\..\src\central\vid_manage.h">
      <Filter>src\central</Filter>
    </ClInclude>
    <ClInclude Include="..\..\test\vid_manage_test\vid_manage.h">
      <Filter>test\vid_manage_test</Filter>
    </ClInclude>
    <ClInclude Include="..\..\src\gateway\gateway_client.h">
      <Filter>src\gateway</Filter>
    </ClInclude>
    <ClInclude Include="..\..\src\monitor\monitor_client.h">
      <Filter>src\monitor</Filter>
    </ClInclude>
    <ClInclude Include="..\..\src\monitor\monitor_server.h">
      <Filter>src\monitor</Filter>
    </ClInclude>
    <ClInclude Include="..\..\src\monitor\cmd_thread.h">
      <Filter>src\monitor</Filter>
    </ClInclude>
    <ClInclude Include="..\..\src\proto\monitor.pb.h">
      <Filter>src\proto</Filter>
    </ClInclude>
    <ClInclude Include="..\..\src\client\user_client.h">
      <Filter>src\client</Filter>
    </ClInclude>
    <ClInclude Include="..\..\src\proto\external.pb.h">
      <Filter>src\proto</Filter>
    </ClInclude>
    <ClInclude Include="..\..\src\balance\balance_client.h">
      <Filter>src\balance</Filter>
    </ClInclude>
    <ClInclude Include="..\..\src\base\middleware_server.h">
      <Filter>src\base</Filter>
    </ClInclude>
    <ClInclude Include="..\..\src\balance\balance_route.h">
      <Filter>src\balance</Filter>
    </ClInclude>
    <ClInclude Include="..\..\src\common\hash_function.h">
      <Filter>src\common</Filter>
    </ClInclude>
    <ClInclude Include="..\..\src\media\media_client.h">
      <Filter>src\media</Filter>
    </ClInclude>
  </ItemGroup>
  <ItemGroup>
    <Xml Include="..\..\src\central\conf\net.xml">
      <Filter>src\central\conf</Filter>
    </Xml>
    <Xml Include="..\..\src\client\conf\net.xml">
      <Filter>src\client\conf</Filter>
    </Xml>
    <Xml Include="..\..\src\gateway\conf\net.xml">
      <Filter>src\gateway\conf</Filter>
    </Xml>
    <Xml Include="..\..\src\login\conf\net.xml">
      <Filter>src\login\conf</Filter>
    </Xml>
    <Xml Include="..\..\src\balance\conf\net.xml">
      <Filter>src\balance\conf</Filter>
    </Xml>
    <Xml Include="..\..\src\media\conf\net.xml">
      <Filter>src\media\conf</Filter>
    </Xml>
    <Xml Include="..\..\src\monitor\conf\net.xml">
      <Filter>src\monitor\conf</Filter>
    </Xml>
  </ItemGroup>
  <ItemGroup>
    <None Include="..\..\src\proto\internal.proto">
      <Filter>src\proto</Filter>
    </None>
    <None Include="..\..\src\proto\prebuild.bat">
      <Filter>src\proto</Filter>
    </None>
    <None Include="..\..\src\proto\prebuild.sh">
      <Filter>src\proto</Filter>
    </None>
    <None Include="..\..\src\proto\proc.proto">
      <Filter>src\proto</Filter>
    </None>
    <None Include="..\..\src\bkill.sh">
      <Filter>src</Filter>
    </None>
    <None Include="..\..\src\build.sh">
      <Filter>src</Filter>
    </None>
    <None Include="..\..\src\ff.sh">
      <Filter>src</Filter>
    </None>
    <None Include="..\..\src\rebuild.sh">
      <Filter>src</Filter>
    </None>
    <None Include="..\..\src\config.info">
      <Filter>src</Filter>
    </None>
    <None Include="..\..\src\balance\laqi.sh">
      <Filter>src\balance</Filter>
    </None>
    <None Include="..\..\src\media\laqi.sh">
      <Filter>src\media</Filter>
    </None>
    <None Include="..\..\src\laqi.sh">
      <Filter>src</Filter>
    </None>
    <None Include="..\..\src\central\laqi.sh">
      <Filter>src\central</Filter>
    </None>
    <None Include="..\..\src\gateway\laqi.sh">
      <Filter>src\gateway</Filter>
    </None>
    <None Include="..\..\src\monitor\laqi.sh">
      <Filter>src\monitor</Filter>
    </None>
    <None Include="..\..\src\proto\monitor.proto">
      <Filter>src\proto</Filter>
    </None>
    <None Include="..\..\src\client\laqi.sh">
      <Filter>src\client</Filter>
    </None>
    <None Include="..\..\src\proto\external.proto">
      <Filter>src\proto</Filter>
    </None>
  </ItemGroup>
</Project>